
Microsoft Visual Studio Solution File, Format Version 12.00
# Visual Studio Version 17
VisualStudioVersion = 17.9.34622.214
MinimumVisualStudioVersion = 10.0.40219.1
Project("{9A19103F-16F7-4668-BE54-9A1E7A4F7556}") = "EventStoreExample", "EventStoreExample\EventStoreExample.csproj", "{88BC0B53-706C-4DEB-827E-E00BDBE8818C}"
EndProject
Project("{9A19103F-16F7-4668-BE54-9A1E7A4F7556}") = "EventStoreBasicExample", "EventStoreBasicExample\EventStoreBasicExample.csproj", "{9AE7E681-D7F5-4AE5-A6C9-3899F111607C}"
EndProject
Project("{FAE04EC0-301F-11D3-BF4B-00C04F79EFBC}") = "ProductApplication", "ProductApplication\ProductApplication.csproj", "{ECCC3470-7EB0-43C8-9CC8-BBD0C1C775BE}"
EndProject
Project("{FAE04EC0-301F-11D3-BF4B-00C04F79EFBC}") = "ProductEventHandlerService", "ProductEventHandlerService\ProductEventHandlerService.csproj", "{EE82FED4-F76D-4502-B707-45A288BD08D0}"
EndProject
Project("{FAE04EC0-301F-11D3-BF4B-00C04F79EFBC}") = "Shared", "Shared\Shared.csproj", "{E5F9EC2A-B910-4493-B8BF-78DD89725CBF}"
EndProject
Global
	GlobalSection(SolutionConfigurationPlatforms) = preSolution
		Debug|Any CPU = Debug|Any CPU
		Release|Any CPU = Release|Any CPU
	EndGlobalSection
	GlobalSection(ProjectConfigurationPlatforms) = postSolution
		{88BC0B53-706C-4DEB-827E-E00BDBE8818C}.Debug|Any CPU.ActiveCfg = Debug|Any CPU
		{88BC0B53-706C-4DEB-827E-E00BDBE8818C}.Debug|Any CPU.Build.0 = Debug|Any CPU
		{88BC0B53-706C-4DEB-827E-E00BDBE8818C}.Release|Any CPU.ActiveCfg = Release|Any CPU
		{88BC0B53-706C-4DEB-827E-E00BDBE8818C}.Release|Any CPU.Build.0 = Release|Any CPU
		{9AE7E681-D7F5-4AE5-A6C9-3899F111607C}.Debug|Any CPU.ActiveCfg = Debug|Any CPU
		{9AE7E681-D7F5-4AE5-A6C9-3899F111607C}.Debug|Any CPU.Build.0 = Debug|Any CPU
		{9AE7E681-D7F5-4AE5-A6C9-3899F111607C}.Release|Any CPU.ActiveCfg = Release|Any CPU
		{9AE7E681-D7F5-4AE5-A6C9-3899F111607C}.Release|Any CPU.Build.0 = Release|Any CPU
		{ECCC3470-7EB0-43C8-9CC8-BBD0C1C775BE}.Debug|Any CPU.ActiveCfg = Debug|Any CPU
		{ECCC3470-7EB0-43C8-9CC8-BBD0C1C775BE}.Debug|Any CPU.Build.0 = Debug|Any CPU
		{ECCC3470-7EB0-43C8-9CC8-BBD0C1C775BE}.Release|Any CPU.ActiveCfg = Release|Any CPU
		{ECCC3470-7EB0-43C8-9CC8-BBD0C1C775BE}.Release|Any CPU.Build.0 = Release|Any CPU
		{EE82FED4-F76D-4502-B707-45A288BD08D0}.Debug|Any CPU.ActiveCfg = Debug|Any CPU
		{EE82FED4-F76D-4502-B707-45A288BD08D0}.Debug|Any CPU.Build.0 = Debug|Any CPU
		{EE82FED4-F76D-4502-B707-45A288BD08D0}.Release|Any CPU.ActiveCfg = Release|Any CPU
		{EE82FED4-F76D-4502-B707-45A288BD08D0}.Release|Any CPU.Build.0 = Release|Any CPU
		{E5F9EC2A-B910-4493-B8BF-78DD89725CBF}.Debug|Any CPU.ActiveCfg = Debug|Any CPU
		{E5F9EC2A-B910-4493-B8BF-78DD89725CBF}.Debug|Any CPU.Build.0 = Debug|Any CPU
		{E5F9EC2A-B910-4493-B8BF-78DD89725CBF}.Release|Any CPU.ActiveCfg = Release|Any CPU
		{E5F9EC2A-B910-4493-B8BF-78DD89725CBF}.Release|Any CPU.Build.0 = Release|Any CPU
	EndGlobalSection
	GlobalSection(SolutionProperties) = preSolution
		HideSolutionNode = FALSE
	EndGlobalSection
	GlobalSection(ExtensibilityGlobals) = postSolution
		SolutionGuid = {D8EDCEEC-F816-4CBB-9F3D-63D2DD5B25F1}
	EndGlobalSection
EndGlobal
